
Microsoft Visual Studio Solution File, Format Version 12.00
# Visual Studio Version 16
VisualStudioVersion = 16.0.32510.428
MinimumVisualStudioVersion = 10.0.40219.1
Project("{FAE04EC0-301F-11D3-BF4B-00C04F79EFBC}") = "Connected", "Connected\Connected.csproj", "{4843F086-2372-4D5A-A8F7-0A95C7B60593}"
EndProject
Global
	GlobalSection(SolutionConfigurationPlatforms) = preSolution
		Debug|Any CPU = Debug|Any CPU
		Release|Any CPU = Release|Any CPU
	EndGlobalSection
	GlobalSection(ProjectConfigurationPlatforms) = postSolution
		{4843F086-2372-4D5A-A8F7-0A95C7B60593}.Debug|Any CPU.ActiveCfg = Debug|Any CPU
		{4843F086-2372-4D5A-A8F7-0A95C7B60593}.Debug|Any CPU.Build.0 = Debug|Any CPU
		{4843F086-2372-4D5A-A8F7-0A95C7B60593}.Release|Any CPU.ActiveCfg = Release|Any CPU
		{4843F086-2372-4D5A-A8F7-0A95C7B60593}.Release|Any CPU.Build.0 = Release|Any CPU
	EndGlobalSection
	GlobalSection(SolutionProperties) = preSolution
		HideSolutionNode = FALSE
	EndGlobalSection
	GlobalSection(ExtensibilityGlobals) = postSolution
		SolutionGuid = {C958CBA1-3211-4ACE-B286-E41677051ABA}
	EndGlobalSection
EndGlobal
